<Solution>
  <Configurations>
    <Platform Name="x64" />
    <Platform Name="x86" />
  </Configurations>
  <Project Path="../Build Process/Build Process.vcxproj" Id="355bfd60-f42e-450c-acb6-f399bcbe4556" />
  <Project Path="../IO/IO.vcxproj" Id="d9229f37-274d-4b49-9363-36c771f6f9cb" />
  <Project Path="Hello World/Hello World.vcxproj" Id="540280a8-dd61-457d-bb76-f2f75991b1e8" />
</Solution>
